
Microsoft Visual Studio Solution File, Format Version 12.00
# Visual Studio 15
VisualStudioVersion = 15.0.27703.2026
MinimumVisualStudioVersion = 10.0.40219.1
Project("{FAE04EC0-301F-11D3-BF4B-00C04F79EFBC}") = "ImageCompress", "ImageCompress\ImageCompress.csproj", "{7C04C937-524F-4F5F-8E1F-1DA3DC76CA38}"
EndProject
Global
	GlobalSection(SolutionConfigurationPlatforms) = preSolution
		Debug|Any CPU = Debug|Any CPU
		Release|Any CPU = Release|Any CPU
	EndGlobalSection
	GlobalSection(ProjectConfigurationPlatforms) = postSolution
		{7C04C937-524F-4F5F-8E1F-1DA3DC76CA38}.Debug|Any CPU.ActiveCfg = Debug|Any CPU
		{7C04C937-524F-4F5F-8E1F-1DA3DC76CA38}.Debug|Any CPU.Build.0 = Debug|Any CPU
		{7C04C937-524F-4F5F-8E1F-1DA3DC76CA38}.Release|Any CPU.ActiveCfg = Release|Any CPU
		{7C04C937-524F-4F5F-8E1F-1DA3DC76CA38}.Release|Any CPU.Build.0 = Release|Any CPU
	EndGlobalSection
	GlobalSection(SolutionProperties) = preSolution
		HideSolutionNode = FALSE
	EndGlobalSection
	GlobalSection(ExtensibilityGlobals) = postSolution
		SolutionGuid = {148AC1CB-8FCB-4462-AC5C-E07252510533}
	EndGlobalSection
EndGlobal
